Microsoft Visual Studio Solution File, Format Version 12.00
# Visual Studio Version 17
VisualStudioVersion = 17.14.35806.103
MinimumVisualStudioVersion = 10.0.40219.1
Project("{FAE04EC0-301F-11D3-BF4B-00C04F79EFBC}") = "Orchestration.AppHost", "Orchestration.AppHost\Orchestration.AppHost.csproj", "{8A4D6348-221F-4457-869C-71D41E78C7B9}"
EndProject
Project("{FAE04EC0-301F-11D3-BF4B-00C04F79EFBC}") = "Orchestration.ServiceDefaults", "Orchestration.ServiceDefaults\Orchestration.ServiceDefaults.csproj", "{78ADCC5F-3DDD-617C-5F24-F74E184D737C}"
EndProject
Project("{FAE04EC0-301F-11D3-BF4B-00C04F79EFBC}") = "APIGateway", "..\APIGateway\APIGateway.csproj", "{F1BCC64D-F15B-5916-EC53-FB15E7E031C3}"
EndProject
Project("{FAE04EC0-301F-11D3-BF4B-00C04F79EFBC}") = "AuthService", "..\AuthService\src\AuthService.csproj", "{6A5729BD-38E0-CC89-EAE9-B13213A9317D}"
EndProject
Project("{FAE04EC0-301F-11D3-BF4B-00C04F79EFBC}") = "ProductService.Api", "..\ProductService\src\ProductService.Api\ProductService.Api.csproj", "{B4E41059-D48F-34E2-3970-17EAD100E61C}"
EndProject
Project("{FAE04EC0-301F-11D3-BF4B-00C04F79EFBC}") = "UserService.Api", "..\UserService\src\UserService.Api\UserService.Api.csproj", "{FA7882CA-95E9-DF68-598A-0EBCA6FE5527}"
EndProject
Project("{2150E333-8FDC-42A3-9474-1A3956D46DE8}") = "BuildingBlocks", "BuildingBlocks", "{02EA681E-C7D8-13C7-8484-4AC65E1B71E8}"
EndProject
Project("{2150E333-8FDC-42A3-9474-1A3956D46DE8}") = "Services", "Services", "{07130283-3598-4DDE-9989-A3F9FB8B7741}"
EndProject
Project("{2150E333-8FDC-42A3-9474-1A3956D46DE8}") = "Deploy", "Deploy", "{4D2675F8-5079-407B-944F-7AEAD855068D}"
EndProject
Project("{2150E333-8FDC-42A3-9474-1A3956D46DE8}") = "container", "container", "{573534EE-9FAC-41CE-9B15-9C275854799D}"
	ProjectSection(SolutionItems) = preProject
		..\.env = ..\.env
		..\docker-compose.base.yml = ..\docker-compose.base.yml
		..\docker-compose.monitoring.yml = ..\docker-compose.monitoring.yml
		..\docker-compose.override.yml = ..\docker-compose.override.yml
		..\docker-compose.prod.yml = ..\docker-compose.prod.yml
		..\nginx.conf = ..\nginx.conf
	EndProjectSection
EndProject
Project("{2150E333-8FDC-42A3-9474-1A3956D46DE8}") = "certificates", "certificates", "{1DED8649-1DA2-404B-A16C-46CEFB26F305}"
	ProjectSection(SolutionItems) = preProject
		..\nginx-selfsigned.crt = ..\nginx-selfsigned.crt
		..\nginx-selfsigned.key = ..\nginx-selfsigned.key
		..\nginx.conf = ..\nginx.conf
		..\SSC.pfx = ..\SSC.pfx
	EndProjectSection
EndProject
Project("{2150E333-8FDC-42A3-9474-1A3956D46DE8}") = "Product", "Product", "{81DB791F-CA95-419C-A0B8-C1CEBB94BA8E}"
EndProject
Project("{2150E333-8FDC-42A3-9474-1A3956D46DE8}") = "User", "User", "{66520EE1-8BD6-4595-B2E0-DA000FC6476A}"
EndProject
Project("{FAE04EC0-301F-11D3-BF4B-00C04F79EFBC}") = "UserService.Application", "..\UserService\src\UserService.Application\UserService.Application.csproj", "{FE59C90C-9B3E-0EC2-0628-14C173709531}"
EndProject
Project("{FAE04EC0-301F-11D3-BF4B-00C04F79EFBC}") = "UserService.Entities", "..\UserService\src\UserService.Domain\UserService.Entities.csproj", "{FACAE565-26D7-76AB-25BF-2B866F8FE8A1}"
EndProject
Project("{FAE04EC0-301F-11D3-BF4B-00C04F79EFBC}") = "UserService.Infrastructure", "..\UserService\src\UserService.Infrastructure\UserService.Infrastructure.csproj", "{B50514A2-ED77-2A13-D5F6-601316B60882}"
EndProject
Project("{FAE04EC0-301F-11D3-BF4B-00C04F79EFBC}") = "ProductService.Infrastructure", "..\ProductService\src\ProductService.Infrastructure\ProductService.Infrastructure.csproj", "{8DF44518-0032-4EC7-2A11-69E47F99CF1E}"
EndProject
Project("{FAE04EC0-301F-11D3-BF4B-00C04F79EFBC}") = "ProductService.Domain", "..\ProductService\src\ProductService.Domain\ProductService.Domain.csproj", "{A900F5DA-98B0-D4AB-9F70-B2B4C53A517D}"
EndProject
Project("{FAE04EC0-301F-11D3-BF4B-00C04F79EFBC}") = "ProductService.Application", "..\ProductService\src\ProductService.Application\ProductService.Application.csproj", "{C1EAEE46-4BFE-D975-D793-E27EE758C2B0}"
EndProject
Project("{FAE04EC0-301F-11D3-BF4B-00C04F79EFBC}") = "SharedLibrary", "..\SharedLibrary\src\SharedLibrary.csproj", "{472C6DBA-E004-3609-1134-58FF96D2869D}"
EndProject
Project("{FAE04EC0-301F-11D3-BF4B-00C04F79EFBC}") = "Ecommerce", "..\Ecommerce\Ecommerce.csproj", "{D2E91BEA-CFE4-4CEC-8630-B495817958FB}"
EndProject
Global
	GlobalSection(SolutionConfigurationPlatforms) = preSolution
		Debug|Any CPU = Debug|Any CPU
		Release|Any CPU = Release|Any CPU
	EndGlobalSection
	GlobalSection(ProjectConfigurationPlatforms) = postSolution
		{8A4D6348-221F-4457-869C-71D41E78C7B9}.Debug|Any CPU.ActiveCfg = Debug|Any CPU
		{8A4D6348-221F-4457-869C-71D41E78C7B9}.Debug|Any CPU.Build.0 = Debug|Any CPU
		{8A4D6348-221F-4457-869C-71D41E78C7B9}.Release|Any CPU.ActiveCfg = Release|Any CPU
		{8A4D6348-221F-4457-869C-71D41E78C7B9}.Release|Any CPU.Build.0 = Release|Any CPU
		{78ADCC5F-3DDD-617C-5F24-F74E184D737C}.Debug|Any CPU.ActiveCfg = Debug|Any CPU
		{78ADCC5F-3DDD-617C-5F24-F74E184D737C}.Debug|Any CPU.Build.0 = Debug|Any CPU
		{78ADCC5F-3DDD-617C-5F24-F74E184D737C}.Release|Any CPU.ActiveCfg = Release|Any CPU
		{78ADCC5F-3DDD-617C-5F24-F74E184D737C}.Release|Any CPU.Build.0 = Release|Any CPU
		{F1BCC64D-F15B-5916-EC53-FB15E7E031C3}.Debug|Any CPU.ActiveCfg = Debug|Any CPU
		{F1BCC64D-F15B-5916-EC53-FB15E7E031C3}.Debug|Any CPU.Build.0 = Debug|Any CPU
		{F1BCC64D-F15B-5916-EC53-FB15E7E031C3}.Release|Any CPU.ActiveCfg = Release|Any CPU
		{F1BCC64D-F15B-5916-EC53-FB15E7E031C3}.Release|Any CPU.Build.0 = Release|Any CPU
		{6A5729BD-38E0-CC89-EAE9-B13213A9317D}.Debug|Any CPU.ActiveCfg = Debug|Any CPU
		{6A5729BD-38E0-CC89-EAE9-B13213A9317D}.Debug|Any CPU.Build.0 = Debug|Any CPU
		{6A5729BD-38E0-CC89-EAE9-B13213A9317D}.Release|Any CPU.ActiveCfg = Release|Any CPU
		{6A5729BD-38E0-CC89-EAE9-B13213A9317D}.Release|Any CPU.Build.0 = Release|Any CPU
		{B4E41059-D48F-34E2-3970-17EAD100E61C}.Debug|Any CPU.ActiveCfg = Debug|Any CPU
		{B4E41059-D48F-34E2-3970-17EAD100E61C}.Debug|Any CPU.Build.0 = Debug|Any CPU
		{B4E41059-D48F-34E2-3970-17EAD100E61C}.Release|Any CPU.ActiveCfg = Release|Any CPU
		{B4E41059-D48F-34E2-3970-17EAD100E61C}.Release|Any CPU.Build.0 = Release|Any CPU
		{FA7882CA-95E9-DF68-598A-0EBCA6FE5527}.Debug|Any CPU.ActiveCfg = Debug|Any CPU
		{FA7882CA-95E9-DF68-598A-0EBCA6FE5527}.Debug|Any CPU.Build.0 = Debug|Any CPU
		{FA7882CA-95E9-DF68-598A-0EBCA6FE5527}.Release|Any CPU.ActiveCfg = Release|Any CPU
		{FA7882CA-95E9-DF68-598A-0EBCA6FE5527}.Release|Any CPU.Build.0 = Release|Any CPU
		{FE59C90C-9B3E-0EC2-0628-14C173709531}.Debug|Any CPU.ActiveCfg = Debug|Any CPU
		{FE59C90C-9B3E-0EC2-0628-14C173709531}.Debug|Any CPU.Build.0 = Debug|Any CPU
		{FE59C90C-9B3E-0EC2-0628-14C173709531}.Release|Any CPU.ActiveCfg = Release|Any CPU
		{FE59C90C-9B3E-0EC2-0628-14C173709531}.Release|Any CPU.Build.0 = Release|Any CPU
		{FACAE565-26D7-76AB-25BF-2B866F8FE8A1}.Debug|Any CPU.ActiveCfg = Debug|Any CPU
		{FACAE565-26D7-76AB-25BF-2B866F8FE8A1}.Debug|Any CPU.Build.0 = Debug|Any CPU
		{FACAE565-26D7-76AB-25BF-2B866F8FE8A1}.Release|Any CPU.ActiveCfg = Release|Any CPU
		{FACAE565-26D7-76AB-25BF-2B866F8FE8A1}.Release|Any CPU.Build.0 = Release|Any CPU
		{B50514A2-ED77-2A13-D5F6-601316B60882}.Debug|Any CPU.ActiveCfg = Debug|Any CPU
		{B50514A2-ED77-2A13-D5F6-601316B60882}.Debug|Any CPU.Build.0 = Debug|Any CPU
		{B50514A2-ED77-2A13-D5F6-601316B60882}.Release|Any CPU.ActiveCfg = Release|Any CPU
		{B50514A2-ED77-2A13-D5F6-601316B60882}.Release|Any CPU.Build.0 = Release|Any CPU
		{8DF44518-0032-4EC7-2A11-69E47F99CF1E}.Debug|Any CPU.ActiveCfg = Debug|Any CPU
		{8DF44518-0032-4EC7-2A11-69E47F99CF1E}.Debug|Any CPU.Build.0 = Debug|Any CPU
		{8DF44518-0032-4EC7-2A11-69E47F99CF1E}.Release|Any CPU.ActiveCfg = Release|Any CPU
		{8DF44518-0032-4EC7-2A11-69E47F99CF1E}.Release|Any CPU.Build.0 = Release|Any CPU
		{A900F5DA-98B0-D4AB-9F70-B2B4C53A517D}.Debug|Any CPU.ActiveCfg = Debug|Any CPU
		{A900F5DA-98B0-D4AB-9F70-B2B4C53A517D}.Debug|Any CPU.Build.0 = Debug|Any CPU
		{A900F5DA-98B0-D4AB-9F70-B2B4C53A517D}.Release|Any CPU.ActiveCfg = Release|Any CPU
		{A900F5DA-98B0-D4AB-9F70-B2B4C53A517D}.Release|Any CPU.Build.0 = Release|Any CPU
		{C1EAEE46-4BFE-D975-D793-E27EE758C2B0}.Debug|Any CPU.ActiveCfg = Debug|Any CPU
		{C1EAEE46-4BFE-D975-D793-E27EE758C2B0}.Debug|Any CPU.Build.0 = Debug|Any CPU
		{C1EAEE46-4BFE-D975-D793-E27EE758C2B0}.Release|Any CPU.ActiveCfg = Release|Any CPU
		{C1EAEE46-4BFE-D975-D793-E27EE758C2B0}.Release|Any CPU.Build.0 = Release|Any CPU
		{472C6DBA-E004-3609-1134-58FF96D2869D}.Debug|Any CPU.ActiveCfg = Debug|Any CPU
		{472C6DBA-E004-3609-1134-58FF96D2869D}.Debug|Any CPU.Build.0 = Debug|Any CPU
		{472C6DBA-E004-3609-1134-58FF96D2869D}.Release|Any CPU.ActiveCfg = Release|Any CPU
		{472C6DBA-E004-3609-1134-58FF96D2869D}.Release|Any CPU.Build.0 = Release|Any CPU
		{D2E91BEA-CFE4-4CEC-8630-B495817958FB}.Debug|Any CPU.ActiveCfg = Debug|Any CPU
		{D2E91BEA-CFE4-4CEC-8630-B495817958FB}.Debug|Any CPU.Build.0 = Debug|Any CPU
		{D2E91BEA-CFE4-4CEC-8630-B495817958FB}.Release|Any CPU.ActiveCfg = Release|Any CPU
		{D2E91BEA-CFE4-4CEC-8630-B495817958FB}.Release|Any CPU.Build.0 = Release|Any CPU
	EndGlobalSection
	GlobalSection(SolutionProperties) = preSolution
		HideSolutionNode = FALSE
	EndGlobalSection
	GlobalSection(NestedProjects) = preSolution
		{8A4D6348-221F-4457-869C-71D41E78C7B9} = {02EA681E-C7D8-13C7-8484-4AC65E1B71E8}
		{78ADCC5F-3DDD-617C-5F24-F74E184D737C} = {02EA681E-C7D8-13C7-8484-4AC65E1B71E8}
		{F1BCC64D-F15B-5916-EC53-FB15E7E031C3} = {07130283-3598-4DDE-9989-A3F9FB8B7741}
		{6A5729BD-38E0-CC89-EAE9-B13213A9317D} = {07130283-3598-4DDE-9989-A3F9FB8B7741}
		{B4E41059-D48F-34E2-3970-17EAD100E61C} = {81DB791F-CA95-419C-A0B8-C1CEBB94BA8E}
		{FA7882CA-95E9-DF68-598A-0EBCA6FE5527} = {66520EE1-8BD6-4595-B2E0-DA000FC6476A}
		{573534EE-9FAC-41CE-9B15-9C275854799D} = {4D2675F8-5079-407B-944F-7AEAD855068D}
		{1DED8649-1DA2-404B-A16C-46CEFB26F305} = {4D2675F8-5079-407B-944F-7AEAD855068D}
		{81DB791F-CA95-419C-A0B8-C1CEBB94BA8E} = {07130283-3598-4DDE-9989-A3F9FB8B7741}
		{66520EE1-8BD6-4595-B2E0-DA000FC6476A} = {07130283-3598-4DDE-9989-A3F9FB8B7741}
		{FE59C90C-9B3E-0EC2-0628-14C173709531} = {66520EE1-8BD6-4595-B2E0-DA000FC6476A}
		{FACAE565-26D7-76AB-25BF-2B866F8FE8A1} = {66520EE1-8BD6-4595-B2E0-DA000FC6476A}
		{B50514A2-ED77-2A13-D5F6-601316B60882} = {66520EE1-8BD6-4595-B2E0-DA000FC6476A}
		{8DF44518-0032-4EC7-2A11-69E47F99CF1E} = {81DB791F-CA95-419C-A0B8-C1CEBB94BA8E}
		{A900F5DA-98B0-D4AB-9F70-B2B4C53A517D} = {81DB791F-CA95-419C-A0B8-C1CEBB94BA8E}
		{C1EAEE46-4BFE-D975-D793-E27EE758C2B0} = {81DB791F-CA95-419C-A0B8-C1CEBB94BA8E}
		{472C6DBA-E004-3609-1134-58FF96D2869D} = {02EA681E-C7D8-13C7-8484-4AC65E1B71E8}
	EndGlobalSection
	GlobalSection(ExtensibilityGlobals) = postSolution
		SolutionGuid = {AAD990BF-38B3-45C1-B232-B46A698EA2EC}
	EndGlobalSection
EndGlobal
